// !$*UTF8*$!
{
	archiveVersion = 1;
	classes = {
	};
	objectVersion = 56;
	objects = {

/* Begin PBXBuildFile section */
		4B1E44E12A122EF0006317BD /* NghiaSwiftUIApp.swift in Sources */ = {isa = PBXBuildFile; fileRef = 4B1E44E02A122EF0006317BD /* NghiaSwiftUIApp.swift */; };
		4B1E44E32A122EF0006317BD /* ContentView.swift in Sources */ = {isa = PBXBuildFile; fileRef = 4B1E44E22A122EF0006317BD /* ContentView.swift */; };
		4B1E44E52A122EF1006317BD /* Assets.xcassets in Resources */ = {isa = PBXBuildFile; fileRef = 4B1E44E42A122EF1006317BD /* Assets.xcassets */; };
		4B1E44E82A122EF1006317BD /* Preview Assets.xcassets in Resources */ = {isa = PBXBuildFile; fileRef = 4B1E44E72A122EF1006317BD /* Preview Assets.xcassets */; };
		4BB832052A1A11E800322B0E /* CircleImage.swift in Sources */ = {isa = PBXBuildFile; fileRef = 4BB832042A1A11E800322B0E /* CircleImage.swift */; };
		4BB832072A1A135100322B0E /* MapView.swift in Sources */ = {isa = PBXBuildFile; fileRef = 4BB832062A1A135100322B0E /* MapView.swift */; };
		4BB832112A1A238800322B0E /* Landmark.swift in Sources */ = {isa = PBXBuildFile; fileRef = 4BB832102A1A238800322B0E /* Landmark.swift */; };
		4BB832132A1A248A00322B0E /* ModelData.swift in Sources */ = {isa = PBXBuildFile; fileRef = 4BB832122A1A248A00322B0E /* ModelData.swift */; };
		4BB832182A1A469900322B0E /* LandmarkRow.swift in Sources */ = {isa = PBXBuildFile; fileRef = 4BB832172A1A469900322B0E /* LandmarkRow.swift */; };
		4BB8321A2A1A588500322B0E /* LandmarkList.swift in Sources */ = {isa = PBXBuildFile; fileRef = 4BB832192A1A588500322B0E /* LandmarkList.swift */; };
		4BB8321C2A1A5E2900322B0E /* LandmarkDetail.swift in Sources */ = {isa = PBXBuildFile; fileRef = 4BB8321B2A1A5E2900322B0E /* LandmarkDetail.swift */; };
		4BB8321E2A1A73CC00322B0E /* FovoriteButton.swift in Sources */ = {isa = PBXBuildFile; fileRef = 4BB8321D2A1A73CC00322B0E /* FovoriteButton.swift */; };
		4BB832232A1A798900322B0E /* CategoryHome.swift in Sources */ = {isa = PBXBuildFile; fileRef = 4BB832222A1A798900322B0E /* CategoryHome.swift */; };
		4BB832292A1A7EB800322B0E /* landmarkData.json in Resources */ = {isa = PBXBuildFile; fileRef = 4BB832282A1A7EB700322B0E /* landmarkData.json */; };
		4BB8322B2A1A7FDC00322B0E /* CategoryRow.swift in Sources */ = {isa = PBXBuildFile; fileRef = 4BB8322A2A1A7FDC00322B0E /* CategoryRow.swift */; };
		4BB8322D2A1A827C00322B0E /* CategoryItem.swift in Sources */ = {isa = PBXBuildFile; fileRef = 4BB8322C2A1A827C00322B0E /* CategoryItem.swift */; };
		D500D68D2AE651BA00E364F2 /* SliderView.swift in Sources */ = {isa = PBXBuildFile; fileRef = D500D68C2AE651BA00E364F2 /* SliderView.swift */; };
		D50AA41A2C9C1D280000C561 /* PagerWithAnimationPage.swift in Sources */ = {isa = PBXBuildFile; fileRef = D50AA4192C9C1D280000C561 /* PagerWithAnimationPage.swift */; };
		D50C9CAC2B3AD6AD00888E08 /* PickVideoView.swift in Sources */ = {isa = PBXBuildFile; fileRef = D50C9CAB2B3AD6AD00888E08 /* PickVideoView.swift */; };
		D5106C612C1BF0300098B2A1 /* HeaderScrollView.swift in Sources */ = {isa = PBXBuildFile; fileRef = D5106C602C1BF0300098B2A1 /* HeaderScrollView.swift */; };
		D5106CAC2C4E11CD00B3083A /* HalfHeartShape.swift in Sources */ = {isa = PBXBuildFile; fileRef = D5106CAB2C4E11CD00B3083A /* HalfHeartShape.swift */; };
		D5106CAE2C4E12B400B3083A /* TestHeaderScrollView.swift in Sources */ = {isa = PBXBuildFile; fileRef = D5106CAD2C4E12B400B3083A /* TestHeaderScrollView.swift */; };
		D5106CB02C4E132B00B3083A /* TestHalfHeartShape.swift in Sources */ = {isa = PBXBuildFile; fileRef = D5106CAF2C4E132B00B3083A /* TestHalfHeartShape.swift */; };
		D51D47712BFCAD0100724DB4 /* RingColorPickerView.swift in Sources */ = {isa = PBXBuildFile; fileRef = D51D47702BFCAD0100724DB4 /* RingColorPickerView.swift */; };
		D51D5E8F2ACAB30300FB41FE /* CommonExt.swift in Sources */ = {isa = PBXBuildFile; fileRef = D51D5E8E2ACAB30300FB41FE /* CommonExt.swift */; };
		D51D5E912ACAB6AD00FB41FE /* ToastView.swift in Sources */ = {isa = PBXBuildFile; fileRef = D51D5E902ACAB6AD00FB41FE /* ToastView.swift */; };
		D51D5E932ACAB7CB00FB41FE /* TestToastPage.swift in Sources */ = {isa = PBXBuildFile; fileRef = D51D5E922ACAB7CB00FB41FE /* TestToastPage.swift */; };
		D52AC48D2BBA87FF0033F550 /* UITipsTricksPage.swift in Sources */ = {isa = PBXBuildFile; fileRef = D52AC48C2BBA87FF0033F550 /* UITipsTricksPage.swift */; };
		D52B700F2C819F7B00F63A85 /* AsyncTaskPage.swift in Sources */ = {isa = PBXBuildFile; fileRef = D52B700E2C819F7B00F63A85 /* AsyncTaskPage.swift */; };
		D52B9BDD2AD3DF2300DB14E9 /* DataChange.swift in Sources */ = {isa = PBXBuildFile; fileRef = D52B9BDC2AD3DF2300DB14E9 /* DataChange.swift */; };
		D52C09E82C004AE000A547CA /* TestView.swift in Sources */ = {isa = PBXBuildFile; fileRef = D52C09E72C004AE000A547CA /* TestView.swift */; };
		D53E73212A1D254B009AF914 /* ListVerticalPage.swift in Sources */ = {isa = PBXBuildFile; fileRef = D53E73202A1D254B009AF914 /* ListVerticalPage.swift */; };
		D53E73272A1D28C6009AF914 /* ListHorizontalPage.swift in Sources */ = {isa = PBXBuildFile; fileRef = D53E73262A1D28C6009AF914 /* ListHorizontalPage.swift */; };
		D53E732B2A1D2C86009AF914 /* ListHorizontalItem.swift in Sources */ = {isa = PBXBuildFile; fileRef = D53E732A2A1D2C86009AF914 /* ListHorizontalItem.swift */; };
		D53F9E1C2A933E5B0064018D /* BottomSheetView.swift in Sources */ = {isa = PBXBuildFile; fileRef = D53F9E1B2A933E5B0064018D /* BottomSheetView.swift */; };
		D54BE2FB2AB9B0CB004CED17 /* SwipeView.swift in Sources */ = {isa = PBXBuildFile; fileRef = D54BE2FA2AB9B0CB004CED17 /* SwipeView.swift */; };
		D54BE2FD2AB9B14D004CED17 /* TestSwipeViewPage.swift in Sources */ = {isa = PBXBuildFile; fileRef = D54BE2FC2AB9B14D004CED17 /* TestSwipeViewPage.swift */; };
		D553ED5A2B9859F500F1028A /* ViewParamPage.swift in Sources */ = {isa = PBXBuildFile; fileRef = D553ED592B9859F500F1028A /* ViewParamPage.swift */; };
		D553FAF12BB26E550072B65B /* DrawingPage.swift in Sources */ = {isa = PBXBuildFile; fileRef = D553FAF02BB26E550072B65B /* DrawingPage.swift */; };
		D5627A5C2AF0FC2C00597F5B /* SectorChartExample.swift in Sources */ = {isa = PBXBuildFile; fileRef = D5627A5B2AF0FC2C00597F5B /* SectorChartExample.swift */; };
		D572CD282A5C17D800941C68 /* PagerWithDotsView.swift in Sources */ = {isa = PBXBuildFile; fileRef = D572CD262A5C17D800941C68 /* PagerWithDotsView.swift */; };
		D572CD292A5C17D800941C68 /* PagerView.swift in Sources */ = {isa = PBXBuildFile; fileRef = D572CD272A5C17D800941C68 /* PagerView.swift */; };
		D57863BA2A1CB50A00F51DD0 /* HomePage.swift in Sources */ = {isa = PBXBuildFile; fileRef = D57863B92A1CB50A00F51DD0 /* HomePage.swift */; };
		D57863BD2A1CB5DA00F51DD0 /* TabPage.swift in Sources */ = {isa = PBXBuildFile; fileRef = D57863BC2A1CB5DA00F51DD0 /* TabPage.swift */; };
		D58481CD2A721B3F00A28B8F /* MarqueeText3.swift in Sources */ = {isa = PBXBuildFile; fileRef = D58481CC2A721B3F00A28B8F /* MarqueeText3.swift */; };
		D58902C72BB17045001295C1 /* MoveItemToOtherListPage.swift in Sources */ = {isa = PBXBuildFile; fileRef = D58902C62BB17045001295C1 /* MoveItemToOtherListPage.swift */; };
		D58D9E8E2B3A780D00F8D614 /* DragMultiViewsPage.swift in Sources */ = {isa = PBXBuildFile; fileRef = D58D9E8D2B3A780D00F8D614 /* DragMultiViewsPage.swift */; };
		D5946D382A38602C00F51795 /* IntSliderView.swift in Sources */ = {isa = PBXBuildFile; fileRef = D5946D372A38602C00F51795 /* IntSliderView.swift */; };
		D5A7B5C42A1DACD7002960DE /* NavigationPage.swift in Sources */ = {isa = PBXBuildFile; fileRef = D5A7B5C32A1DACD7002960DE /* NavigationPage.swift */; };
		D5A7B5C62A1DB76D002960DE /* ListVerticalRow.swift in Sources */ = {isa = PBXBuildFile; fileRef = D5A7B5C52A1DB76D002960DE /* ListVerticalRow.swift */; };
		D5A85D6F2A2DB61D005EAA20 /* ListTopGridPage.swift in Sources */ = {isa = PBXBuildFile; fileRef = D5A85D6E2A2DB61D005EAA20 /* ListTopGridPage.swift */; };
		D5A9F72D2A947131009F7DB1 /* TestBottomSheetPage.swift in Sources */ = {isa = PBXBuildFile; fileRef = D5A9F72C2A947131009F7DB1 /* TestBottomSheetPage.swift */; };
		D5A9F7332A94ACA7009F7DB1 /* PullToRefreshView.swift in Sources */ = {isa = PBXBuildFile; fileRef = D5A9F7322A94ACA7009F7DB1 /* PullToRefreshView.swift */; };
		D5A9F7352A94B0F6009F7DB1 /* TestPullToRefreshPage.swift in Sources */ = {isa = PBXBuildFile; fileRef = D5A9F7342A94B0F6009F7DB1 /* TestPullToRefreshPage.swift */; };
		D5AF3F932A7164BA00B65261 /* MarqueeText.swift in Sources */ = {isa = PBXBuildFile; fileRef = D5AF3F922A7164BA00B65261 /* MarqueeText.swift */; };
		D5AF3F962A71662200B65261 /* TestMarqueePage.swift in Sources */ = {isa = PBXBuildFile; fileRef = D5AF3F952A71662200B65261 /* TestMarqueePage.swift */; };
		D5AF3F982A7166A100B65261 /* TestLoadingViewPage.swift in Sources */ = {isa = PBXBuildFile; fileRef = D5AF3F972A7166A100B65261 /* TestLoadingViewPage.swift */; };
		D5AF3F9A2A71670400B65261 /* TestPagerDotPage.swift in Sources */ = {isa = PBXBuildFile; fileRef = D5AF3F992A71670400B65261 /* TestPagerDotPage.swift */; };
		D5B879A52AE0E16C0093D49B /* TestImageScalePage.swift in Sources */ = {isa = PBXBuildFile; fileRef = D5B879A42AE0E16C0093D49B /* TestImageScalePage.swift */; };
		D5BE0FC32C647D5000DB6416 /* KeyboardPage.swift in Sources */ = {isa = PBXBuildFile; fileRef = D5BE0FC22C647D5000DB6416 /* KeyboardPage.swift */; };
		D5BE0FC62C64A4B300DB6416 /* View+Ext.swift in Sources */ = {isa = PBXBuildFile; fileRef = D5BE0FC52C64A4B300DB6416 /* View+Ext.swift */; };
		D5C291692A1F1FC00088136B /* GridHorizontalItem.swift in Sources */ = {isa = PBXBuildFile; fileRef = D5C291682A1F1FC00088136B /* GridHorizontalItem.swift */; };
		D5C2916B2A1F1FF70088136B /* GridHorizontalPage.swift in Sources */ = {isa = PBXBuildFile; fileRef = D5C2916A2A1F1FF70088136B /* GridHorizontalPage.swift */; };
		D5C2916F2A1F598A0088136B /* HStackPage.swift in Sources */ = {isa = PBXBuildFile; fileRef = D5C2916E2A1F598A0088136B /* HStackPage.swift */; };
		D5C291712A1F9A260088136B /* ZoomImageView.swift in Sources */ = {isa = PBXBuildFile; fileRef = D5C291702A1F9A260088136B /* ZoomImageView.swift */; };
		D5C291742A1FB56C0088136B /* AnimationPage.swift in Sources */ = {isa = PBXBuildFile; fileRef = D5C291732A1FB56C0088136B /* AnimationPage.swift */; };
		D5C2A4442B87313300A65CD2 /* TextEditView.swift in Sources */ = {isa = PBXBuildFile; fileRef = D5C2A4432B87313300A65CD2 /* TextEditView.swift */; };
		D5C518372A1E5D5A006FBFBE /* GridVerticalPage.swift in Sources */ = {isa = PBXBuildFile; fileRef = D5C518362A1E5D5A006FBFBE /* GridVerticalPage.swift */; };
		D5C518392A1E609B006FBFBE /* GridVerticalItem.swift in Sources */ = {isa = PBXBuildFile; fileRef = D5C518382A1E609B006FBFBE /* GridVerticalItem.swift */; };
		D5C9B5D22AE18C1A00F047CF /* TestSliderPage.swift in Sources */ = {isa = PBXBuildFile; fileRef = D5C9B5D12AE18C1A00F047CF /* TestSliderPage.swift */; };
		D5CDE5F92B4F9D8700A55F0F /* PopoverPage.swift in Sources */ = {isa = PBXBuildFile; fileRef = D5CDE5F82B4F9D8700A55F0F /* PopoverPage.swift */; };
		D5CE9E042BAA988600825626 /* CircleColorPicker1View.swift in Sources */ = {isa = PBXBuildFile; fileRef = D5CE9E032BAA988600825626 /* CircleColorPicker1View.swift */; };
		D5CE9E062BAA99CA00825626 /* Color+Extension.swift in Sources */ = {isa = PBXBuildFile; fileRef = D5CE9E052BAA99CA00825626 /* Color+Extension.swift */; };
		D5CE9E082BAA9CC000825626 /* AngularGradientView.swift in Sources */ = {isa = PBXBuildFile; fileRef = D5CE9E072BAA9CC000825626 /* AngularGradientView.swift */; };
		D5CE9E0A2BAAA1BA00825626 /* TestColorPickerPage.swift in Sources */ = {isa = PBXBuildFile; fileRef = D5CE9E092BAAA1BA00825626 /* TestColorPickerPage.swift */; };
		D5CE9E0C2BAAA3CC00825626 /* SquareColorPicker1View.swift in Sources */ = {isa = PBXBuildFile; fileRef = D5CE9E0B2BAAA3CC00825626 /* SquareColorPicker1View.swift */; };
		D5CE9E112BAADB4400825626 /* SquareColorPicker2View.swift in Sources */ = {isa = PBXBuildFile; fileRef = D5CE9E102BAADB4400825626 /* SquareColorPicker2View.swift */; };
		D5D082292B2845DE008E821D /* PopToTopPage.swift in Sources */ = {isa = PBXBuildFile; fileRef = D5D082282B2845DE008E821D /* PopToTopPage.swift */; };
		D5D184F72AB95DE600E8AD40 /* ColorExt.swift in Sources */ = {isa = PBXBuildFile; fileRef = D5D184F62AB95DE600E8AD40 /* ColorExt.swift */; };
		D5D615B92BABDAE900241BBF /* HueSlider.swift in Sources */ = {isa = PBXBuildFile; fileRef = D5D615B82BABDAE900241BBF /* HueSlider.swift */; };
		D5D615BD2BABDCF900241BBF /* CustomSlider.swift in Sources */ = {isa = PBXBuildFile; fileRef = D5D615BC2BABDCF900241BBF /* CustomSlider.swift */; };
		D5D615BF2BABDEF600241BBF /* AlphaSlider.swift in Sources */ = {isa = PBXBuildFile; fileRef = D5D615BE2BABDEF600241BBF /* AlphaSlider.swift */; };
		D5D615C12BABE61C00241BBF /* CheckerBoardBackground.swift in Sources */ = {isa = PBXBuildFile; fileRef = D5D615C02BABE61C00241BBF /* CheckerBoardBackground.swift */; };
		D5D615C52BABE8FC00241BBF /* DualAxisSlider.swift in Sources */ = {isa = PBXBuildFile; fileRef = D5D615C42BABE8FC00241BBF /* DualAxisSlider.swift */; };
		D5D615C72BAC147B00241BBF /* SquareColorPicker3View.swift in Sources */ = {isa = PBXBuildFile; fileRef = D5D615C62BAC147B00241BBF /* SquareColorPicker3View.swift */; };
		D5DCB56F2AC55CB300570392 /* DelayAction.swift in Sources */ = {isa = PBXBuildFile; fileRef = D5DCB56E2AC55CB300570392 /* DelayAction.swift */; };
		D5DCB5712AC55D9400570392 /* Helper.swift in Sources */ = {isa = PBXBuildFile; fileRef = D5DCB5702AC55D9400570392 /* Helper.swift */; };
		D5DCB5732AC5733200570392 /* TestDelayAction.swift in Sources */ = {isa = PBXBuildFile; fileRef = D5DCB5722AC5733200570392 /* TestDelayAction.swift */; };
		D5E959A42A6F83C80031377D /* AsyncImage.swift in Sources */ = {isa = PBXBuildFile; fileRef = D5E959A32A6F83C80031377D /* AsyncImage.swift */; };
		D5EA0CBF2A49923D0069C010 /* LoadingView.swift in Sources */ = {isa = PBXBuildFile; fileRef = D5EA0CBE2A49923D0069C010 /* LoadingView.swift */; };
		D5EA0CC22A49A74A0069C010 /* ButtonPage.swift in Sources */ = {isa = PBXBuildFile; fileRef = D5EA0CC12A49A74A0069C010 /* ButtonPage.swift */; };
		D5EFFBD62ADFD701009E0E00 /* EventView.swift in Sources */ = {isa = PBXBuildFile; fileRef = D5EFFBD52ADFD701009E0E00 /* EventView.swift */; };
		D5F388562A1E01B800695D7C /* ReceiveMessageView.swift in Sources */ = {isa = PBXBuildFile; fileRef = D5F388552A1E01B800695D7C /* ReceiveMessageView.swift */; };
		D5F91AEC2A4ACACF001D02B1 /* LongPressView.swift in Sources */ = {isa = PBXBuildFile; fileRef = D5F91AEB2A4ACACF001D02B1 /* LongPressView.swift */; };
		D5F91AF42A4AE404001D02B1 /* LongPressHandle.swift in Sources */ = {isa = PBXBuildFile; fileRef = D5F91AF32A4AE404001D02B1 /* LongPressHandle.swift */; };
		D5FDB3222B908C4D003B6C46 /* MultipleAnimationPage.swift in Sources */ = {isa = PBXBuildFile; fileRef = D5FDB3212B908C4D003B6C46 /* MultipleAnimationPage.swift */; };
/* End PBXBuildFile section */

/* Begin PBXFileReference section */
		4B1E44DD2A122EF0006317BD /* NghiaSwiftUI.app */ = {isa = PBXFileReference; explicitFileType = wrapper.application; includeInIndex = 0; path = NghiaSwiftUI.app; sourceTree = BUILT_PRODUCTS_DIR; };
		4B1E44E02A122EF0006317BD /* NghiaSwiftUIApp.swift */ = {isa = PBXFileReference; lastKnownFileType = sourcecode.swift; path = NghiaSwiftUIApp.swift; sourceTree = "<group>"; };
		4B1E44E22A122EF0006317BD /* ContentView.swift */ = {isa = PBXFileReference; lastKnownFileType = sourcecode.swift; path = ContentView.swift; sourceTree = "<group>"; };
		4B1E44E42A122EF1006317BD /* Assets.xcassets */ = {isa = PBXFileReference; lastKnownFileType = folder.assetcatalog; path = Assets.xcassets; sourceTree = "<group>"; };
		4B1E44E72A122EF1006317BD /* Preview Assets.xcassets */ = {isa = PBXFileReference; lastKnownFileType = folder.assetcatalog; path = "Preview Assets.xcassets"; sourceTree = "<group>"; };
		4BB832042A1A11E800322B0E /* CircleImage.swift */ = {isa = PBXFileReference; lastKnownFileType = sourcecode.swift; path = CircleImage.swift; sourceTree = "<group>"; };
		4BB832062A1A135100322B0E /* MapView.swift */ = {isa = PBXFileReference; lastKnownFileType = sourcecode.swift; path = MapView.swift; sourceTree = "<group>"; };
		4BB832102A1A238800322B0E /* Landmark.swift */ = {isa = PBXFileReference; lastKnownFileType = sourcecode.swift; path = Landmark.swift; sourceTree = "<group>"; };
		4BB832122A1A248A00322B0E /* ModelData.swift */ = {isa = PBXFileReference; lastKnownFileType = sourcecode.swift; path = ModelData.swift; sourceTree = "<group>"; };
		4BB832172A1A469900322B0E /* LandmarkRow.swift */ = {isa = PBXFileReference; lastKnownFileType = sourcecode.swift; path = LandmarkRow.swift; sourceTree = "<group>"; };
		4BB832192A1A588500322B0E /* LandmarkList.swift */ = {isa = PBXFileReference; lastKnownFileType = sourcecode.swift; path = LandmarkList.swift; sourceTree = "<group>"; };
		4BB8321B2A1A5E2900322B0E /* LandmarkDetail.swift */ = {isa = PBXFileReference; lastKnownFileType = sourcecode.swift; path = LandmarkDetail.swift; sourceTree = "<group>"; };
		4BB8321D2A1A73CC00322B0E /* FovoriteButton.swift */ = {isa = PBXFileReference; lastKnownFileType = sourcecode.swift; path = FovoriteButton.swift; sourceTree = "<group>"; };
		4BB832222A1A798900322B0E /* CategoryHome.swift */ = {isa = PBXFileReference; lastKnownFileType = sourcecode.swift; path = CategoryHome.swift; sourceTree = "<group>"; };
		4BB832282A1A7EB700322B0E /* landmarkData.json */ = {isa = PBXFileReference; fileEncoding = 4; lastKnownFileType = text.json; path = landmarkData.json; sourceTree = "<group>"; };
		4BB8322A2A1A7FDC00322B0E /* CategoryRow.swift */ = {isa = PBXFileReference; lastKnownFileType = sourcecode.swift; path = CategoryRow.swift; sourceTree = "<group>"; };
		4BB8322C2A1A827C00322B0E /* CategoryItem.swift */ = {isa = PBXFileReference; fileEncoding = 4; lastKnownFileType = sourcecode.swift; path = CategoryItem.swift; sourceTree = "<group>"; };
		D500D68C2AE651BA00E364F2 /* SliderView.swift */ = {isa = PBXFileReference; fileEncoding = 4; lastKnownFileType = sourcecode.swift; path = SliderView.swift; sourceTree = "<group>"; };
		D50AA4192C9C1D280000C561 /* PagerWithAnimationPage.swift */ = {isa = PBXFileReference; lastKnownFileType = sourcecode.swift; path = PagerWithAnimationPage.swift; sourceTree = "<group>"; };
		D50C9CAB2B3AD6AD00888E08 /* PickVideoView.swift */ = {isa = PBXFileReference; lastKnownFileType = sourcecode.swift; path = PickVideoView.swift; sourceTree = "<group>"; };
		D5106C602C1BF0300098B2A1 /* HeaderScrollView.swift */ = {isa = PBXFileReference; lastKnownFileType = sourcecode.swift; path = HeaderScrollView.swift; sourceTree = "<group>"; };
		D5106CAB2C4E11CD00B3083A /* HalfHeartShape.swift */ = {isa = PBXFileReference; lastKnownFileType = sourcecode.swift; path = HalfHeartShape.swift; sourceTree = "<group>"; };
		D5106CAD2C4E12B400B3083A /* TestHeaderScrollView.swift */ = {isa = PBXFileReference; lastKnownFileType = sourcecode.swift; path = TestHeaderScrollView.swift; sourceTree = "<group>"; };
		D5106CAF2C4E132B00B3083A /* TestHalfHeartShape.swift */ = {isa = PBXFileReference; lastKnownFileType = sourcecode.swift; path = TestHalfHeartShape.swift; sourceTree = "<group>"; };
		D51D47702BFCAD0100724DB4 /* RingColorPickerView.swift */ = {isa = PBXFileReference; fileEncoding = 4; lastKnownFileType = sourcecode.swift; path = RingColorPickerView.swift; sourceTree = "<group>"; };
		D51D5E8E2ACAB30300FB41FE /* CommonExt.swift */ = {isa = PBXFileReference; lastKnownFileType = sourcecode.swift; path = CommonExt.swift; sourceTree = "<group>"; };
		D51D5E902ACAB6AD00FB41FE /* ToastView.swift */ = {isa = PBXFileReference; lastKnownFileType = sourcecode.swift; path = ToastView.swift; sourceTree = "<group>"; };
		D51D5E922ACAB7CB00FB41FE /* TestToastPage.swift */ = {isa = PBXFileReference; lastKnownFileType = sourcecode.swift; path = TestToastPage.swift; sourceTree = "<group>"; };
		D52AC48C2BBA87FF0033F550 /* UITipsTricksPage.swift */ = {isa = PBXFileReference; lastKnownFileType = sourcecode.swift; path = UITipsTricksPage.swift; sourceTree = "<group>"; };
		D52B700E2C819F7B00F63A85 /* AsyncTaskPage.swift */ = {isa = PBXFileReference; lastKnownFileType = sourcecode.swift; path = AsyncTaskPage.swift; sourceTree = "<group>"; };
		D52B9BDC2AD3DF2300DB14E9 /* DataChange.swift */ = {isa = PBXFileReference; fileEncoding = 4; lastKnownFileType = sourcecode.swift; path = DataChange.swift; sourceTree = "<group>"; };
		D52C09E72C004AE000A547CA /* TestView.swift */ = {isa = PBXFileReference; lastKnownFileType = sourcecode.swift; path = TestView.swift; sourceTree = "<group>"; };
		D53E73202A1D254B009AF914 /* ListVerticalPage.swift */ = {isa = PBXFileReference; lastKnownFileType = sourcecode.swift; path = ListVerticalPage.swift; sourceTree = "<group>"; };
		D53E73262A1D28C6009AF914 /* ListHorizontalPage.swift */ = {isa = PBXFileReference; fileEncoding = 4; lastKnownFileType = sourcecode.swift; path = ListHorizontalPage.swift; sourceTree = "<group>"; };
		D53E732A2A1D2C86009AF914 /* ListHorizontalItem.swift */ = {isa = PBXFileReference; fileEncoding = 4; lastKnownFileType = sourcecode.swift; name = ListHorizontalItem.swift; path = NghiaSwiftUI/Views/List/ListHorizontal/ListHorizontalItem.swift; sourceTree = SOURCE_ROOT; };
		D53F9E1B2A933E5B0064018D /* BottomSheetView.swift */ = {isa = PBXFileReference; lastKnownFileType = sourcecode.swift; path = BottomSheetView.swift; sourceTree = "<group>"; };
		D54BE2FA2AB9B0CB004CED17 /* SwipeView.swift */ = {isa = PBXFileReference; fileEncoding = 4; lastKnownFileType = sourcecode.swift; path = SwipeView.swift; sourceTree = "<group>"; };
		D54BE2FC2AB9B14D004CED17 /* TestSwipeViewPage.swift */ = {isa = PBXFileReference; fileEncoding = 4; lastKnownFileType = sourcecode.swift; path = TestSwipeViewPage.swift; sourceTree = "<group>"; };
		D553ED592B9859F500F1028A /* ViewParamPage.swift */ = {isa = PBXFileReference; lastKnownFileType = sourcecode.swift; path = ViewParamPage.swift; sourceTree = "<group>"; };
		D553FAF02BB26E550072B65B /* DrawingPage.swift */ = {isa = PBXFileReference; lastKnownFileType = sourcecode.swift; path = DrawingPage.swift; sourceTree = "<group>"; };
		D5627A5B2AF0FC2C00597F5B /* SectorChartExample.swift */ = {isa = PBXFileReference; lastKnownFileType = sourcecode.swift; path = SectorChartExample.swift; sourceTree = "<group>"; };
		D572CD262A5C17D800941C68 /* PagerWithDotsView.swift */ = {isa = PBXFileReference; fileEncoding = 4; lastKnownFileType = sourcecode.swift; path = PagerWithDotsView.swift; sourceTree = "<group>"; };
		D572CD272A5C17D800941C68 /* PagerView.swift */ = {isa = PBXFileReference; fileEncoding = 4; lastKnownFileType = sourcecode.swift; path = PagerView.swift; sourceTree = "<group>"; };
		D57863B92A1CB50A00F51DD0 /* HomePage.swift */ = {isa = PBXFileReference; lastKnownFileType = sourcecode.swift; path = HomePage.swift; sourceTree = "<group>"; };
		D57863BC2A1CB5DA00F51DD0 /* TabPage.swift */ = {isa = PBXFileReference; lastKnownFileType = sourcecode.swift; path = TabPage.swift; sourceTree = "<group>"; };
		D58481CC2A721B3F00A28B8F /* MarqueeText3.swift */ = {isa = PBXFileReference; fileEncoding = 4; lastKnownFileType = sourcecode.swift; path = MarqueeText3.swift; sourceTree = "<group>"; };
		D58902C62BB17045001295C1 /* MoveItemToOtherListPage.swift */ = {isa = PBXFileReference; lastKnownFileType = sourcecode.swift; path = MoveItemToOtherListPage.swift; sourceTree = "<group>"; };
		D58D9E8D2B3A780D00F8D614 /* DragMultiViewsPage.swift */ = {isa = PBXFileReference; lastKnownFileType = sourcecode.swift; path = DragMultiViewsPage.swift; sourceTree = "<group>"; };
		D5946D372A38602C00F51795 /* IntSliderView.swift */ = {isa = PBXFileReference; fileEncoding = 4; lastKnownFileType = sourcecode.swift; path = IntSliderView.swift; sourceTree = "<group>"; };
		D5A7B5C32A1DACD7002960DE /* NavigationPage.swift */ = {isa = PBXFileReference; fileEncoding = 4; lastKnownFileType = sourcecode.swift; path = NavigationPage.swift; sourceTree = "<group>"; };
		D5A7B5C52A1DB76D002960DE /* ListVerticalRow.swift */ = {isa = PBXFileReference; fileEncoding = 4; lastKnownFileType = sourcecode.swift; path = ListVerticalRow.swift; sourceTree = "<group>"; };
		D5A85D6E2A2DB61D005EAA20 /* ListTopGridPage.swift */ = {isa = PBXFileReference; lastKnownFileType = sourcecode.swift; path = ListTopGridPage.swift; sourceTree = "<group>"; };
		D5A9F72C2A947131009F7DB1 /* TestBottomSheetPage.swift */ = {isa = PBXFileReference; lastKnownFileType = sourcecode.swift; path = TestBottomSheetPage.swift; sourceTree = "<group>"; };
		D5A9F7322A94ACA7009F7DB1 /* PullToRefreshView.swift */ = {isa = PBXFileReference; lastKnownFileType = sourcecode.swift; path = PullToRefreshView.swift; sourceTree = "<group>"; };
		D5A9F7342A94B0F6009F7DB1 /* TestPullToRefreshPage.swift */ = {isa = PBXFileReference; lastKnownFileType = sourcecode.swift; path = TestPullToRefreshPage.swift; sourceTree = "<group>"; };
		D5AF3F922A7164BA00B65261 /* MarqueeText.swift */ = {isa = PBXFileReference; fileEncoding = 4; lastKnownFileType = sourcecode.swift; path = MarqueeText.swift; sourceTree = "<group>"; };
		D5AF3F952A71662200B65261 /* TestMarqueePage.swift */ = {isa = PBXFileReference; lastKnownFileType = sourcecode.swift; path = TestMarqueePage.swift; sourceTree = "<group>"; };
		D5AF3F972A7166A100B65261 /* TestLoadingViewPage.swift */ = {isa = PBXFileReference; lastKnownFileType = sourcecode.swift; path = TestLoadingViewPage.swift; sourceTree = "<group>"; };
		D5AF3F992A71670400B65261 /* TestPagerDotPage.swift */ = {isa = PBXFileReference; lastKnownFileType = sourcecode.swift; path = TestPagerDotPage.swift; sourceTree = "<group>"; };
		D5B879A42AE0E16C0093D49B /* TestImageScalePage.swift */ = {isa = PBXFileReference; lastKnownFileType = sourcecode.swift; path = TestImageScalePage.swift; sourceTree = "<group>"; };
		D5BE0FC22C647D5000DB6416 /* KeyboardPage.swift */ = {isa = PBXFileReference; lastKnownFileType = sourcecode.swift; path = KeyboardPage.swift; sourceTree = "<group>"; };
		D5BE0FC52C64A4B300DB6416 /* View+Ext.swift */ = {isa = PBXFileReference; lastKnownFileType = sourcecode.swift; path = "View+Ext.swift"; sourceTree = "<group>"; };
		D5C291682A1F1FC00088136B /* GridHorizontalItem.swift */ = {isa = PBXFileReference; fileEncoding = 4; lastKnownFileType = sourcecode.swift; path = GridHorizontalItem.swift; sourceTree = "<group>"; };
		D5C2916A2A1F1FF70088136B /* GridHorizontalPage.swift */ = {isa = PBXFileReference; fileEncoding = 4; lastKnownFileType = sourcecode.swift; path = GridHorizontalPage.swift; sourceTree = "<group>"; };
		D5C2916E2A1F598A0088136B /* HStackPage.swift */ = {isa = PBXFileReference; lastKnownFileType = sourcecode.swift; path = HStackPage.swift; sourceTree = "<group>"; };
		D5C291702A1F9A260088136B /* ZoomImageView.swift */ = {isa = PBXFileReference; lastKnownFileType = sourcecode.swift; path = ZoomImageView.swift; sourceTree = "<group>"; };
		D5C291732A1FB56C0088136B /* AnimationPage.swift */ = {isa = PBXFileReference; lastKnownFileType = sourcecode.swift; path = AnimationPage.swift; sourceTree = "<group>"; };
		D5C2A4432B87313300A65CD2 /* TextEditView.swift */ = {isa = PBXFileReference; fileEncoding = 4; lastKnownFileType = sourcecode.swift; path = TextEditView.swift; sourceTree = "<group>"; };
		D5C518362A1E5D5A006FBFBE /* GridVerticalPage.swift */ = {isa = PBXFileReference; lastKnownFileType = sourcecode.swift; path = GridVerticalPage.swift; sourceTree = "<group>"; };
		D5C518382A1E609B006FBFBE /* GridVerticalItem.swift */ = {isa = PBXFileReference; fileEncoding = 4; lastKnownFileType = sourcecode.swift; path = GridVerticalItem.swift; sourceTree = "<group>"; };
		D5C9B5D12AE18C1A00F047CF /* TestSliderPage.swift */ = {isa = PBXFileReference; lastKnownFileType = sourcecode.swift; path = TestSliderPage.swift; sourceTree = "<group>"; };
		D5CDE5F82B4F9D8700A55F0F /* PopoverPage.swift */ = {isa = PBXFileReference; lastKnownFileType = sourcecode.swift; path = PopoverPage.swift; sourceTree = "<group>"; };
		D5CE9E032BAA988600825626 /* CircleColorPicker1View.swift */ = {isa = PBXFileReference; lastKnownFileType = sourcecode.swift; path = CircleColorPicker1View.swift; sourceTree = "<group>"; };
		D5CE9E052BAA99CA00825626 /* Color+Extension.swift */ = {isa = PBXFileReference; fileEncoding = 4; lastKnownFileType = sourcecode.swift; path = "Color+Extension.swift"; sourceTree = "<group>"; };
		D5CE9E072BAA9CC000825626 /* AngularGradientView.swift */ = {isa = PBXFileReference; lastKnownFileType = sourcecode.swift; path = AngularGradientView.swift; sourceTree = "<group>"; };
		D5CE9E092BAAA1BA00825626 /* TestColorPickerPage.swift */ = {isa = PBXFileReference; lastKnownFileType = sourcecode.swift; path = TestColorPickerPage.swift; sourceTree = "<group>"; };
		D5CE9E0B2BAAA3CC00825626 /* SquareColorPicker1View.swift */ = {isa = PBXFileReference; lastKnownFileType = sourcecode.swift; path = SquareColorPicker1View.swift; sourceTree = "<group>"; };
		D5CE9E102BAADB4400825626 /* SquareColorPicker2View.swift */ = {isa = PBXFileReference; fileEncoding = 4; lastKnownFileType = sourcecode.swift; path = SquareColorPicker2View.swift; sourceTree = "<group>"; };
		D5D082282B2845DE008E821D /* PopToTopPage.swift */ = {isa = PBXFileReference; lastKnownFileType = sourcecode.swift; path = PopToTopPage.swift; sourceTree = "<group>"; };
		D5D184F62AB95DE600E8AD40 /* ColorExt.swift */ = {isa = PBXFileReference; lastKnownFileType = sourcecode.swift; path = ColorExt.swift; sourceTree = "<group>"; };
		D5D615B82BABDAE900241BBF /* HueSlider.swift */ = {isa = PBXFileReference; lastKnownFileType = sourcecode.swift; path = HueSlider.swift; sourceTree = "<group>"; };
		D5D615BC2BABDCF900241BBF /* CustomSlider.swift */ = {isa = PBXFileReference; lastKnownFileType = sourcecode.swift; path = CustomSlider.swift; sourceTree = "<group>"; };
		D5D615BE2BABDEF600241BBF /* AlphaSlider.swift */ = {isa = PBXFileReference; lastKnownFileType = sourcecode.swift; path = AlphaSlider.swift; sourceTree = "<group>"; };
		D5D615C02BABE61C00241BBF /* CheckerBoardBackground.swift */ = {isa = PBXFileReference; lastKnownFileType = sourcecode.swift; path = CheckerBoardBackground.swift; sourceTree = "<group>"; };
		D5D615C42BABE8FC00241BBF /* DualAxisSlider.swift */ = {isa = PBXFileReference; lastKnownFileType = sourcecode.swift; path = DualAxisSlider.swift; sourceTree = "<group>"; };
		D5D615C62BAC147B00241BBF /* SquareColorPicker3View.swift */ = {isa = PBXFileReference; fileEncoding = 4; lastKnownFileType = sourcecode.swift; path = SquareColorPicker3View.swift; sourceTree = "<group>"; };
		D5DCB56E2AC55CB300570392 /* DelayAction.swift */ = {isa = PBXFileReference; lastKnownFileType = sourcecode.swift; path = DelayAction.swift; sourceTree = "<group>"; };
		D5DCB5702AC55D9400570392 /* Helper.swift */ = {isa = PBXFileReference; fileEncoding = 4; lastKnownFileType = sourcecode.swift; path = Helper.swift; sourceTree = "<group>"; };
		D5DCB5722AC5733200570392 /* TestDelayAction.swift */ = {isa = PBXFileReference; lastKnownFileType = sourcecode.swift; path = TestDelayAction.swift; sourceTree = "<group>"; };
		D5E959A32A6F83C80031377D /* AsyncImage.swift */ = {isa = PBXFileReference; fileEncoding = 4; lastKnownFileType = sourcecode.swift; path = AsyncImage.swift; sourceTree = "<group>"; };
		D5EA0CBE2A49923D0069C010 /* LoadingView.swift */ = {isa = PBXFileReference; lastKnownFileType = sourcecode.swift; path = LoadingView.swift; sourceTree = "<group>"; };
		D5EA0CC12A49A74A0069C010 /* ButtonPage.swift */ = {isa = PBXFileReference; lastKnownFileType = sourcecode.swift; path = ButtonPage.swift; sourceTree = "<group>"; };
		D5EFFBD52ADFD701009E0E00 /* EventView.swift */ = {isa = PBXFileReference; lastKnownFileType = sourcecode.swift; path = EventView.swift; sourceTree = "<group>"; };
		D5F388552A1E01B800695D7C /* ReceiveMessageView.swift */ = {isa = PBXFileReference; lastKnownFileType = sourcecode.swift; path = ReceiveMessageView.swift; sourceTree = "<group>"; };
		D5F91AEB2A4ACACF001D02B1 /* LongPressView.swift */ = {isa = PBXFileReference; lastKnownFileType = sourcecode.swift; path = LongPressView.swift; sourceTree = "<group>"; };
		D5F91AF32A4AE404001D02B1 /* LongPressHandle.swift */ = {isa = PBXFileReference; fileEncoding = 4; lastKnownFileType = sourcecode.swift; path = LongPressHandle.swift; sourceTree = "<group>"; };
		D5FDB3212B908C4D003B6C46 /* MultipleAnimationPage.swift */ = {isa = PBXFileReference; lastKnownFileType = sourcecode.swift; path = MultipleAnimationPage.swift; sourceTree = "<group>"; };
/* End PBXFileReference section */

/* Begin PBXFrameworksBuildPhase section */
		4B1E44DA2A122EF0006317BD /* Frameworks */ = {
			isa = PBXFrameworksBuildPhase;
			buildActionMask = 2147483647;
			files = (
			);
			runOnlyForDeploymentPostprocessing = 0;
		};
/* End PBXFrameworksBuildPhase section */

/* Begin PBXGroup section */
		4B1E44D42A122EF0006317BD = {
			isa = PBXGroup;
			children = (
				4B1E44DF2A122EF0006317BD /* NghiaSwiftUI */,
				4B1E44DE2A122EF0006317BD /* Products */,
			);
			sourceTree = "<group>";
		};
		4B1E44DE2A122EF0006317BD /* Products */ = {
			isa = PBXGroup;
			children = (
				4B1E44DD2A122EF0006317BD /* NghiaSwiftUI.app */,
			);
			name = Products;
			sourceTree = "<group>";
		};
		4B1E44DF2A122EF0006317BD /* NghiaSwiftUI */ = {
			isa = PBXGroup;
			children = (
				D5D184F42AB95DC200E8AD40 /* Helper */,
				4BB832142A1A254E00322B0E /* Resources */,
				4BB8320F2A1A237000322B0E /* Models */,
				4BB832082A1A136400322B0E /* Views */,
				4B1E44E02A122EF0006317BD /* NghiaSwiftUIApp.swift */,
				4B1E44E42A122EF1006317BD /* Assets.xcassets */,
				4B1E44E62A122EF1006317BD /* Preview Content */,
			);
			path = NghiaSwiftUI;
			sourceTree = "<group>";
		};
		4B1E44E62A122EF1006317BD /* Preview Content */ = {
			isa = PBXGroup;
			children = (
				4B1E44E72A122EF1006317BD /* Preview Assets.xcassets */,
			);
			path = "Preview Content";
			sourceTree = "<group>";
		};
		4BB832082A1A136400322B0E /* Views */ = {
			isa = PBXGroup;
			children = (
				4B1E44E22A122EF0006317BD /* ContentView.swift */,
				D57863B92A1CB50A00F51DD0 /* HomePage.swift */,
				D5EA0CC02A49A7050069C010 /* Button */,
				D5C2916C2A1F578F0088136B /* _Practice */,
				D5C2916D2A1F58E00088136B /* Stack */,
				D5A7B5C22A1DAC45002960DE /* Navigation */,
				D53E73252A1D28A2009AF914 /* List */,
				D57863BB2A1CB5C300F51DD0 /* Tab */,
				D5627A5A2AF0FBEE00597F5B /* Chart */,
				D5AF3F942A7165F100B65261 /* TestHelper */,
				4BB832202A1A74F600322B0E /* Helpers */,
				D5C291722A1FB55D0088136B /* Animation */,
			);
			path = Views;
			sourceTree = "<group>";
		};
		4BB8320F2A1A237000322B0E /* Models */ = {
			isa = PBXGroup;
			children = (
				4BB832102A1A238800322B0E /* Landmark.swift */,
				4BB832122A1A248A00322B0E /* ModelData.swift */,
			);
			path = Models;
			sourceTree = "<group>";
		};
		4BB832142A1A254E00322B0E /* Resources */ = {
			isa = PBXGroup;
			children = (
				4BB832282A1A7EB700322B0E /* landmarkData.json */,
			);
			path = Resources;
			sourceTree = "<group>";
		};
		4BB8321F2A1A74DD00322B0E /* Landmarks */ = {
			isa = PBXGroup;
			children = (
				4BB832172A1A469900322B0E /* LandmarkRow.swift */,
				4BB832192A1A588500322B0E /* LandmarkList.swift */,
				4BB8321B2A1A5E2900322B0E /* LandmarkDetail.swift */,
			);
			path = Landmarks;
			sourceTree = "<group>";
		};
		4BB832202A1A74F600322B0E /* Helpers */ = {
			isa = PBXGroup;
			children = (
				D5BE0FC42C64A49700DB6416 /* Extenstions */,
				D5CE9E022BAA954000825626 /* ColorPicker */,
				D5C2A4432B87313300A65CD2 /* TextEditView.swift */,
				D54BE2FA2AB9B0CB004CED17 /* SwipeView.swift */,
				D572CD262A5C17D800941C68 /* PagerWithDotsView.swift */,
				D572CD272A5C17D800941C68 /* PagerView.swift */,
				D53F9E1B2A933E5B0064018D /* BottomSheetView.swift */,
				D5AF3F922A7164BA00B65261 /* MarqueeText.swift */,
				D58481CC2A721B3F00A28B8F /* MarqueeText3.swift */,
				D5E959A32A6F83C80031377D /* AsyncImage.swift */,
				D5946D372A38602C00F51795 /* IntSliderView.swift */,
				4BB832062A1A135100322B0E /* MapView.swift */,
				4BB832042A1A11E800322B0E /* CircleImage.swift */,
				4BB8321D2A1A73CC00322B0E /* FovoriteButton.swift */,
				D5C291702A1F9A260088136B /* ZoomImageView.swift */,
				D5EA0CBE2A49923D0069C010 /* LoadingView.swift */,
				D5A9F7322A94ACA7009F7DB1 /* PullToRefreshView.swift */,
				D51D5E902ACAB6AD00FB41FE /* ToastView.swift */,
				D5EFFBD52ADFD701009E0E00 /* EventView.swift */,
				D500D68C2AE651BA00E364F2 /* SliderView.swift */,
				D553ED592B9859F500F1028A /* ViewParamPage.swift */,
				D52C09E72C004AE000A547CA /* TestView.swift */,
				D5106C602C1BF0300098B2A1 /* HeaderScrollView.swift */,
				D5106CAB2C4E11CD00B3083A /* HalfHeartShape.swift */,
			);
			path = Helpers;
			sourceTree = "<group>";
		};
		4BB832212A1A797800322B0E /* Category */ = {
			isa = PBXGroup;
			children = (
				4BB8322C2A1A827C00322B0E /* CategoryItem.swift */,
				4BB832222A1A798900322B0E /* CategoryHome.swift */,
				4BB8322A2A1A7FDC00322B0E /* CategoryRow.swift */,
			);
			path = Category;
			sourceTree = "<group>";
		};
		D53E731F2A1D24B8009AF914 /* ListVertical */ = {
			isa = PBXGroup;
			children = (
				D53E73202A1D254B009AF914 /* ListVerticalPage.swift */,
				D5A7B5C52A1DB76D002960DE /* ListVerticalRow.swift */,
			);
			path = ListVertical;
			sourceTree = "<group>";
		};
		D53E73242A1D280A009AF914 /* ListHorizontal */ = {
			isa = PBXGroup;
			children = (
				D53E73262A1D28C6009AF914 /* ListHorizontalPage.swift */,
				D53E732A2A1D2C86009AF914 /* ListHorizontalItem.swift */,
			);
			path = ListHorizontal;
			sourceTree = "<group>";
		};
		D53E73252A1D28A2009AF914 /* List */ = {
			isa = PBXGroup;
			children = (
				D5C291672A1F1F920088136B /* GridHorizontal */,
				D5C518352A1E5494006FBFBE /* GridVertical */,
				D53E73242A1D280A009AF914 /* ListHorizontal */,
				D53E731F2A1D24B8009AF914 /* ListVertical */,
			);
			path = List;
			sourceTree = "<group>";
		};
		D5627A5A2AF0FBEE00597F5B /* Chart */ = {
			isa = PBXGroup;
			children = (
				D5627A5B2AF0FC2C00597F5B /* SectorChartExample.swift */,
			);
			path = Chart;
			sourceTree = "<group>";
		};
		D57863BB2A1CB5C300F51DD0 /* Tab */ = {
			isa = PBXGroup;
			children = (
				D57863BC2A1CB5DA00F51DD0 /* TabPage.swift */,
			);
			path = Tab;
			sourceTree = "<group>";
		};
		D58D9E8C2B3A77AA00F8D614 /* DragGesture */ = {
			isa = PBXGroup;
			children = (
				D58D9E8D2B3A780D00F8D614 /* DragMultiViewsPage.swift */,
			);
			path = DragGesture;
			sourceTree = "<group>";
		};
		D5A7B5C22A1DAC45002960DE /* Navigation */ = {
			isa = PBXGroup;
			children = (
				D5D082272B2845AB008E821D /* PopToTop */,
				D5A7B5C32A1DACD7002960DE /* NavigationPage.swift */,
				D5F388552A1E01B800695D7C /* ReceiveMessageView.swift */,
			);
			path = Navigation;
			sourceTree = "<group>";
		};
		D5A85D6D2A2DB5D1005EAA20 /* ListTopGrid */ = {
			isa = PBXGroup;
			children = (
				D5A85D6E2A2DB61D005EAA20 /* ListTopGridPage.swift */,
			);
			path = ListTopGrid;
			sourceTree = "<group>";
		};
		D5AF3F942A7165F100B65261 /* TestHelper */ = {
			isa = PBXGroup;
			children = (
				D5AF3F952A71662200B65261 /* TestMarqueePage.swift */,
				D5AF3F972A7166A100B65261 /* TestLoadingViewPage.swift */,
				D5AF3F992A71670400B65261 /* TestPagerDotPage.swift */,
				D54BE2FC2AB9B14D004CED17 /* TestSwipeViewPage.swift */,
				D5A9F72C2A947131009F7DB1 /* TestBottomSheetPage.swift */,
				D5A9F7342A94B0F6009F7DB1 /* TestPullToRefreshPage.swift */,
				D5DCB5722AC5733200570392 /* TestDelayAction.swift */,
				D51D5E922ACAB7CB00FB41FE /* TestToastPage.swift */,
				D5B879A42AE0E16C0093D49B /* TestImageScalePage.swift */,
				D5C9B5D12AE18C1A00F047CF /* TestSliderPage.swift */,
				D5CE9E092BAAA1BA00825626 /* TestColorPickerPage.swift */,
				D5106CAD2C4E12B400B3083A /* TestHeaderScrollView.swift */,
				D5106CAF2C4E132B00B3083A /* TestHalfHeartShape.swift */,
			);
			path = TestHelper;
			sourceTree = "<group>";
		};
		D5BE0FC42C64A49700DB6416 /* Extenstions */ = {
			isa = PBXGroup;
			children = (
				D5BE0FC52C64A4B300DB6416 /* View+Ext.swift */,
			);
			path = Extenstions;
			sourceTree = "<group>";
		};
		D5C291672A1F1F920088136B /* GridHorizontal */ = {
			isa = PBXGroup;
			children = (
				D5C2916A2A1F1FF70088136B /* GridHorizontalPage.swift */,
				D5C291682A1F1FC00088136B /* GridHorizontalItem.swift */,
			);
			path = GridHorizontal;
			sourceTree = "<group>";
		};
		D5C2916C2A1F578F0088136B /* _Practice */ = {
			isa = PBXGroup;
			children = (
				D5CDE5F72B4F9D6500A55F0F /* Popover */,
				D58D9E8C2B3A77AA00F8D614 /* DragGesture */,
				D5A85D6D2A2DB5D1005EAA20 /* ListTopGrid */,
				4BB832212A1A797800322B0E /* Category */,
				4BB8321F2A1A74DD00322B0E /* Landmarks */,
				D50C9CAB2B3AD6AD00888E08 /* PickVideoView.swift */,
				D58902C62BB17045001295C1 /* MoveItemToOtherListPage.swift */,
				D553FAF02BB26E550072B65B /* DrawingPage.swift */,
				D52AC48C2BBA87FF0033F550 /* UITipsTricksPage.swift */,
				D5BE0FC22C647D5000DB6416 /* KeyboardPage.swift */,
				D52B700E2C819F7B00F63A85 /* AsyncTaskPage.swift */,
				D50AA4192C9C1D280000C561 /* PagerWithAnimationPage.swift */,
			);
			path = _Practice;
			sourceTree = "<group>";
		};
		D5C2916D2A1F58E00088136B /* Stack */ = {
			isa = PBXGroup;
			children = (
				D5C2916E2A1F598A0088136B /* HStackPage.swift */,
			);
			path = Stack;
			sourceTree = "<group>";
		};
		D5C291722A1FB55D0088136B /* Animation */ = {
			isa = PBXGroup;
			children = (
				D5C291732A1FB56C0088136B /* AnimationPage.swift */,
				D5FDB3212B908C4D003B6C46 /* MultipleAnimationPage.swift */,
			);
			path = Animation;
			sourceTree = "<group>";
		};
		D5C518352A1E5494006FBFBE /* GridVertical */ = {
			isa = PBXGroup;
			children = (
				D5C518362A1E5D5A006FBFBE /* GridVerticalPage.swift */,
				D5C518382A1E609B006FBFBE /* GridVerticalItem.swift */,
			);
			path = GridVertical;
			sourceTree = "<group>";
		};
		D5CDE5F72B4F9D6500A55F0F /* Popover */ = {
			isa = PBXGroup;
			children = (
				D5CDE5F82B4F9D8700A55F0F /* PopoverPage.swift */,
			);
			path = Popover;
			sourceTree = "<group>";
		};
		D5CE9E022BAA954000825626 /* ColorPicker */ = {
			isa = PBXGroup;
			children = (
				D5D615B52BABD5D600241BBF /* Square2 */,
				D5CE9E0F2BAAB82000825626 /* Circle1 */,
				D5CE9E0B2BAAA3CC00825626 /* SquareColorPicker1View.swift */,
				D5D615C62BAC147B00241BBF /* SquareColorPicker3View.swift */,
				D51D47702BFCAD0100724DB4 /* RingColorPickerView.swift */,
			);
			path = ColorPicker;
			sourceTree = "<group>";
		};
		D5CE9E0F2BAAB82000825626 /* Circle1 */ = {
			isa = PBXGroup;
			children = (
				D5CE9E032BAA988600825626 /* CircleColorPicker1View.swift */,
				D5CE9E052BAA99CA00825626 /* Color+Extension.swift */,
				D5CE9E072BAA9CC000825626 /* AngularGradientView.swift */,
			);
			path = Circle1;
			sourceTree = "<group>";
		};
		D5D082272B2845AB008E821D /* PopToTop */ = {
			isa = PBXGroup;
			children = (
				D5D082282B2845DE008E821D /* PopToTopPage.swift */,
			);
			path = PopToTop;
			sourceTree = "<group>";
		};
		D5D184F42AB95DC200E8AD40 /* Helper */ = {
			isa = PBXGroup;
			children = (
				D5D184F52AB95DD000E8AD40 /* Extension */,
				D5DCB56E2AC55CB300570392 /* DelayAction.swift */,
				D5DCB5702AC55D9400570392 /* Helper.swift */,
				D52B9BDC2AD3DF2300DB14E9 /* DataChange.swift */,
			);
			path = Helper;
			sourceTree = "<group>";
		};
		D5D184F52AB95DD000E8AD40 /* Extension */ = {
			isa = PBXGroup;
			children = (
				D5D184F62AB95DE600E8AD40 /* ColorExt.swift */,
				D51D5E8E2ACAB30300FB41FE /* CommonExt.swift */,
			);
			path = Extension;
			sourceTree = "<group>";
		};
		D5D615B52BABD5D600241BBF /* Square2 */ = {
			isa = PBXGroup;
			children = (
				D5CE9E102BAADB4400825626 /* SquareColorPicker2View.swift */,
				D5D615B82BABDAE900241BBF /* HueSlider.swift */,
				D5D615BC2BABDCF900241BBF /* CustomSlider.swift */,
				D5D615BE2BABDEF600241BBF /* AlphaSlider.swift */,
				D5D615C02BABE61C00241BBF /* CheckerBoardBackground.swift */,
				D5D615C42BABE8FC00241BBF /* DualAxisSlider.swift */,
			);
			path = Square2;
			sourceTree = "<group>";
		};
		D5EA0CC02A49A7050069C010 /* Button */ = {
			isa = PBXGroup;
			children = (
				D5EA0CC12A49A74A0069C010 /* ButtonPage.swift */,
				D5F91AEB2A4ACACF001D02B1 /* LongPressView.swift */,
				D5F91AF32A4AE404001D02B1 /* LongPressHandle.swift */,
			);
			path = Button;
			sourceTree = "<group>";
		};
/* End PBXGroup section */

/* Begin PBXNativeTarget section */
		4B1E44DC2A122EF0006317BD /* NghiaSwiftUI */ = {
			isa = PBXNativeTarget;
			buildConfigurationList = 4B1E44EB2A122EF1006317BD /* Build configuration list for PBXNativeTarget "NghiaSwiftUI" */;
			buildPhases = (
				4B1E44D92A122EF0006317BD /* Sources */,
				4B1E44DA2A122EF0006317BD /* Frameworks */,
				4B1E44DB2A122EF0006317BD /* Resources */,
			);
			buildRules = (
			);
			dependencies = (
			);
			name = NghiaSwiftUI;
			productName = NghiaSwiftUI;
			productReference = 4B1E44DD2A122EF0006317BD /* NghiaSwiftUI.app */;
			productType = "com.apple.product-type.application";
		};
/* End PBXNativeTarget section */

/* Begin PBXProject section */
		4B1E44D52A122EF0006317BD /* Project object */ = {
			isa = PBXProject;
			attributes = {
				BuildIndependentTargetsInParallel = 1;
				LastSwiftUpdateCheck = 1430;
				LastUpgradeCheck = 1430;
				TargetAttributes = {
					4B1E44DC2A122EF0006317BD = {
						CreatedOnToolsVersion = 14.3;
					};
				};
			};
			buildConfigurationList = 4B1E44D82A122EF0006317BD /* Build configuration list for PBXProject "NghiaSwiftUI" */;
			compatibilityVersion = "Xcode 14.0";
			developmentRegion = en;
			hasScannedForEncodings = 0;
			knownRegions = (
				en,
				Base,
			);
			mainGroup = 4B1E44D42A122EF0006317BD;
			productRefGroup = 4B1E44DE2A122EF0006317BD /* Products */;
			projectDirPath = "";
			projectRoot = "";
			targets = (
				4B1E44DC2A122EF0006317BD /* NghiaSwiftUI */,
			);
		};
/* End PBXProject section */

/* Begin PBXResourcesBuildPhase section */
		4B1E44DB2A122EF0006317BD /* Resources */ = {
			isa = PBXResourcesBuildPhase;
			buildActionMask = 2147483647;
			files = (
				4B1E44E82A122EF1006317BD /* Preview Assets.xcassets in Resources */,
				4BB832292A1A7EB800322B0E /* landmarkData.json in Resources */,
				4B1E44E52A122EF1006317BD /* Assets.xcassets in Resources */,
			);
			runOnlyForDeploymentPostprocessing = 0;
		};
/* End PBXResourcesBuildPhase section */

/* Begin PBXSourcesBuildPhase section */
		4B1E44D92A122EF0006317BD /* Sources */ = {
			isa = PBXSourcesBuildPhase;
			buildActionMask = 2147483647;
			files = (
				4B1E44E32A122EF0006317BD /* ContentView.swift in Sources */,
				D5CE9E062BAA99CA00825626 /* Color+Extension.swift in Sources */,
				D5F91AEC2A4ACACF001D02B1 /* LongPressView.swift in Sources */,
				D553FAF12BB26E550072B65B /* DrawingPage.swift in Sources */,
				D54BE2FB2AB9B0CB004CED17 /* SwipeView.swift in Sources */,
				D5D615C52BABE8FC00241BBF /* DualAxisSlider.swift in Sources */,
				D58D9E8E2B3A780D00F8D614 /* DragMultiViewsPage.swift in Sources */,
				D5B879A52AE0E16C0093D49B /* TestImageScalePage.swift in Sources */,
				D5AF3F962A71662200B65261 /* TestMarqueePage.swift in Sources */,
				D57863BA2A1CB50A00F51DD0 /* HomePage.swift in Sources */,
				D50C9CAC2B3AD6AD00888E08 /* PickVideoView.swift in Sources */,
				D54BE2FD2AB9B14D004CED17 /* TestSwipeViewPage.swift in Sources */,
				D5EA0CC22A49A74A0069C010 /* ButtonPage.swift in Sources */,
				D52AC48D2BBA87FF0033F550 /* UITipsTricksPage.swift in Sources */,
				D5C291692A1F1FC00088136B /* GridHorizontalItem.swift in Sources */,
				D5CE9E0A2BAAA1BA00825626 /* TestColorPickerPage.swift in Sources */,
				D500D68D2AE651BA00E364F2 /* SliderView.swift in Sources */,
				D5E959A42A6F83C80031377D /* AsyncImage.swift in Sources */,
				D5CDE5F92B4F9D8700A55F0F /* PopoverPage.swift in Sources */,
				D5C9B5D22AE18C1A00F047CF /* TestSliderPage.swift in Sources */,
				4BB832072A1A135100322B0E /* MapView.swift in Sources */,
				D5106CAC2C4E11CD00B3083A /* HalfHeartShape.swift in Sources */,
				D53E73212A1D254B009AF914 /* ListVerticalPage.swift in Sources */,
				D5C2A4442B87313300A65CD2 /* TextEditView.swift in Sources */,
				4B1E44E12A122EF0006317BD /* NghiaSwiftUIApp.swift in Sources */,
				D5A85D6F2A2DB61D005EAA20 /* ListTopGridPage.swift in Sources */,
				D5A9F7332A94ACA7009F7DB1 /* PullToRefreshView.swift in Sources */,
				D5BE0FC32C647D5000DB6416 /* KeyboardPage.swift in Sources */,
				D5EA0CBF2A49923D0069C010 /* LoadingView.swift in Sources */,
				D5CE9E082BAA9CC000825626 /* AngularGradientView.swift in Sources */,
				4BB8321A2A1A588500322B0E /* LandmarkList.swift in Sources */,
				D553ED5A2B9859F500F1028A /* ViewParamPage.swift in Sources */,
				D5A7B5C42A1DACD7002960DE /* NavigationPage.swift in Sources */,
				4BB832232A1A798900322B0E /* CategoryHome.swift in Sources */,
				D5C518392A1E609B006FBFBE /* GridVerticalItem.swift in Sources */,
				D5D615C12BABE61C00241BBF /* CheckerBoardBackground.swift in Sources */,
				D5A7B5C62A1DB76D002960DE /* ListVerticalRow.swift in Sources */,
				D5DCB5732AC5733200570392 /* TestDelayAction.swift in Sources */,
				D51D47712BFCAD0100724DB4 /* RingColorPickerView.swift in Sources */,
				D5C518372A1E5D5A006FBFBE /* GridVerticalPage.swift in Sources */,
				D5AF3F982A7166A100B65261 /* TestLoadingViewPage.swift in Sources */,
				D5106CAE2C4E12B400B3083A /* TestHeaderScrollView.swift in Sources */,
				D5DCB5712AC55D9400570392 /* Helper.swift in Sources */,
				D50AA41A2C9C1D280000C561 /* PagerWithAnimationPage.swift in Sources */,
				D572CD292A5C17D800941C68 /* PagerView.swift in Sources */,
				D5946D382A38602C00F51795 /* IntSliderView.swift in Sources */,
				D53E732B2A1D2C86009AF914 /* ListHorizontalItem.swift in Sources */,
				4BB8321C2A1A5E2900322B0E /* LandmarkDetail.swift in Sources */,
				D5D615C72BAC147B00241BBF /* SquareColorPicker3View.swift in Sources */,
				D5D184F72AB95DE600E8AD40 /* ColorExt.swift in Sources */,
				D5C2916F2A1F598A0088136B /* HStackPage.swift in Sources */,
				D5D082292B2845DE008E821D /* PopToTopPage.swift in Sources */,
				D5FDB3222B908C4D003B6C46 /* MultipleAnimationPage.swift in Sources */,
				D5AF3F9A2A71670400B65261 /* TestPagerDotPage.swift in Sources */,
				D5CE9E0C2BAAA3CC00825626 /* SquareColorPicker1View.swift in Sources */,
				D5F388562A1E01B800695D7C /* ReceiveMessageView.swift in Sources */,
				D5F91AF42A4AE404001D02B1 /* LongPressHandle.swift in Sources */,
				D51D5E8F2ACAB30300FB41FE /* CommonExt.swift in Sources */,
				D5CE9E042BAA988600825626 /* CircleColorPicker1View.swift in Sources */,
				D5C291712A1F9A260088136B /* ZoomImageView.swift in Sources */,
				D572CD282A5C17D800941C68 /* PagerWithDotsView.swift in Sources */,
				D5CE9E112BAADB4400825626 /* SquareColorPicker2View.swift in Sources */,
				4BB832052A1A11E800322B0E /* CircleImage.swift in Sources */,
				D5C2916B2A1F1FF70088136B /* GridHorizontalPage.swift in Sources */,
				D5BE0FC62C64A4B300DB6416 /* View+Ext.swift in Sources */,
				D51D5E912ACAB6AD00FB41FE /* ToastView.swift in Sources */,
				D5A9F7352A94B0F6009F7DB1 /* TestPullToRefreshPage.swift in Sources */,
				4BB832112A1A238800322B0E /* Landmark.swift in Sources */,
				D5D615BD2BABDCF900241BBF /* CustomSlider.swift in Sources */,
				D52B700F2C819F7B00F63A85 /* AsyncTaskPage.swift in Sources */,
				D5D615B92BABDAE900241BBF /* HueSlider.swift in Sources */,
				4BB8322D2A1A827C00322B0E /* CategoryItem.swift in Sources */,
				D57863BD2A1CB5DA00F51DD0 /* TabPage.swift in Sources */,
				D58902C72BB17045001295C1 /* MoveItemToOtherListPage.swift in Sources */,
				4BB832182A1A469900322B0E /* LandmarkRow.swift in Sources */,
				D5106C612C1BF0300098B2A1 /* HeaderScrollView.swift in Sources */,
				D5C291742A1FB56C0088136B /* AnimationPage.swift in Sources */,
				D5106CB02C4E132B00B3083A /* TestHalfHeartShape.swift in Sources */,
				D51D5E932ACAB7CB00FB41FE /* TestToastPage.swift in Sources */,
				D5627A5C2AF0FC2C00597F5B /* SectorChartExample.swift in Sources */,
				D5AF3F932A7164BA00B65261 /* MarqueeText.swift in Sources */,
				D5D615BF2BABDEF600241BBF /* AlphaSlider.swift in Sources */,
				D53E73272A1D28C6009AF914 /* ListHorizontalPage.swift in Sources */,
				D5A9F72D2A947131009F7DB1 /* TestBottomSheetPage.swift in Sources */,
				D52C09E82C004AE000A547CA /* TestView.swift in Sources */,
				4BB832132A1A248A00322B0E /* ModelData.swift in Sources */,
				D5EFFBD62ADFD701009E0E00 /* EventView.swift in Sources */,
				4BB8322B2A1A7FDC00322B0E /* CategoryRow.swift in Sources */,
				D53F9E1C2A933E5B0064018D /* BottomSheetView.swift in Sources */,
				4BB8321E2A1A73CC00322B0E /* FovoriteButton.swift in Sources */,
				D58481CD2A721B3F00A28B8F /* MarqueeText3.swift in Sources */,
				D5DCB56F2AC55CB300570392 /* DelayAction.swift in Sources */,
				D52B9BDD2AD3DF2300DB14E9 /* DataChange.swift in Sources */,
			);
			runOnlyForDeploymentPostprocessing = 0;
		};
/* End PBXSourcesBuildPhase section */

/* Begin XCBuildConfiguration section */
		4B1E44E92A122EF1006317BD /* Debug */ = {
			isa = XCBuildConfiguration;
			buildSettings = {
				ALWAYS_SEARCH_USER_PATHS = NO;
				CLANG_ANALYZER_NONNULL = YES;
				CLANG_ANALYZER_NUMBER_OBJECT_CONVERSION = YES_AGGRESSIVE;
				CLANG_CXX_LANGUAGE_STANDARD = "gnu++20";
				CLANG_ENABLE_MODULES = YES;
				CLANG_ENABLE_OBJC_ARC = YES;
				CLANG_ENABLE_OBJC_WEAK = YES;
				CLANG_WARN_BLOCK_CAPTURE_AUTORELEASING = YES;
				CLANG_WARN_BOOL_CONVERSION = YES;
				CLANG_WARN_COMMA = YES;
				CLANG_WARN_CONSTANT_CONVERSION = YES;
				CLANG_WARN_DEPRECATED_OBJC_IMPLEMENTATIONS = YES;
				CLANG_WARN_DIRECT_OBJC_ISA_USAGE = YES_ERROR;
				CLANG_WARN_DOCUMENTATION_COMMENTS = YES;
				CLANG_WARN_EMPTY_BODY = YES;
				CLANG_WARN_ENUM_CONVERSION = YES;
				CLANG_WARN_INFINITE_RECURSION = YES;
				CLANG_WARN_INT_CONVERSION = YES;
				CLANG_WARN_NON_LITERAL_NULL_CONVERSION = YES;
				CLANG_WARN_OBJC_IMPLICIT_RETAIN_SELF = YES;
				CLANG_WARN_OBJC_LITERAL_CONVERSION = YES;
				CLANG_WARN_OBJC_ROOT_CLASS = YES_ERROR;
				CLANG_WARN_QUOTED_INCLUDE_IN_FRAMEWORK_HEADER = YES;
				CLANG_WARN_RANGE_LOOP_ANALYSIS = YES;
				CLANG_WARN_STRICT_PROTOTYPES = YES;
				CLANG_WARN_SUSPICIOUS_MOVE = YES;
				CLANG_WARN_UNGUARDED_AVAILABILITY = YES_AGGRESSIVE;
				CLANG_WARN_UNREACHABLE_CODE = YES;
				CLANG_WARN__DUPLICATE_METHOD_MATCH = YES;
				COPY_PHASE_STRIP = NO;
				DEBUG_INFORMATION_FORMAT = dwarf;
				ENABLE_STRICT_OBJC_MSGSEND = YES;
				ENABLE_TESTABILITY = YES;
				GCC_C_LANGUAGE_STANDARD = gnu11;
				GCC_DYNAMIC_NO_PIC = NO;
				GCC_NO_COMMON_BLOCKS = YES;
				GCC_OPTIMIZATION_LEVEL = 0;
				GCC_PREPROCESSOR_DEFINITIONS = (
					"DEBUG=1",
					"$(inherited)",
				);
				GCC_WARN_64_TO_32_BIT_CONVERSION = YES;
				GCC_WARN_ABOUT_RETURN_TYPE = YES_ERROR;
				GCC_WARN_UNDECLARED_SELECTOR = YES;
				GCC_WARN_UNINITIALIZED_AUTOS = YES_AGGRESSIVE;
				GCC_WARN_UNUSED_FUNCTION = YES;
				GCC_WARN_UNUSED_VARIABLE = YES;
				IPHONEOS_DEPLOYMENT_TARGET = 16.0;
				MTL_ENABLE_DEBUG_INFO = INCLUDE_SOURCE;
				MTL_FAST_MATH = YES;
				ONLY_ACTIVE_ARCH = YES;
				SDKROOT = iphoneos;
				SWIFT_ACTIVE_COMPILATION_CONDITIONS = DEBUG;
				SWIFT_OPTIMIZATION_LEVEL = "-Onone";
			};
			name = Debug;
		};
		4B1E44EA2A122EF1006317BD /* Release */ = {
			isa = XCBuildConfiguration;
			buildSettings = {
				ALWAYS_SEARCH_USER_PATHS = NO;
				CLANG_ANALYZER_NONNULL = YES;
				CLANG_ANALYZER_NUMBER_OBJECT_CONVERSION = YES_AGGRESSIVE;
				CLANG_CXX_LANGUAGE_STANDARD = "gnu++20";
				CLANG_ENABLE_MODULES = YES;
				CLANG_ENABLE_OBJC_ARC = YES;
				CLANG_ENABLE_OBJC_WEAK = YES;
				CLANG_WARN_BLOCK_CAPTURE_AUTORELEASING = YES;
				CLANG_WARN_BOOL_CONVERSION = YES;
				CLANG_WARN_COMMA = YES;
				CLANG_WARN_CONSTANT_CONVERSION = YES;
				CLANG_WARN_DEPRECATED_OBJC_IMPLEMENTATIONS = YES;
				CLANG_WARN_DIRECT_OBJC_ISA_USAGE = YES_ERROR;
				CLANG_WARN_DOCUMENTATION_COMMENTS = YES;
				CLANG_WARN_EMPTY_BODY = YES;
				CLANG_WARN_ENUM_CONVERSION = YES;
				CLANG_WARN_INFINITE_RECURSION = YES;
				CLANG_WARN_INT_CONVERSION = YES;
				CLANG_WARN_NON_LITERAL_NULL_CONVERSION = YES;
				CLANG_WARN_OBJC_IMPLICIT_RETAIN_SELF = YES;
				CLANG_WARN_OBJC_LITERAL_CONVERSION = YES;
				CLANG_WARN_OBJC_ROOT_CLASS = YES_ERROR;
				CLANG_WARN_QUOTED_INCLUDE_IN_FRAMEWORK_HEADER = YES;
				CLANG_WARN_RANGE_LOOP_ANALYSIS = YES;
				CLANG_WARN_STRICT_PROTOTYPES = YES;
				CLANG_WARN_SUSPICIOUS_MOVE = YES;
				CLANG_WARN_UNGUARDED_AVAILABILITY = YES_AGGRESSIVE;
				CLANG_WARN_UNREACHABLE_CODE = YES;
				CLANG_WARN__DUPLICATE_METHOD_MATCH = YES;
				COPY_PHASE_STRIP = NO;
				DEBUG_INFORMATION_FORMAT = "dwarf-with-dsym";
				ENABLE_NS_ASSERTIONS = NO;
				ENABLE_STRICT_OBJC_MSGSEND = YES;
				GCC_C_LANGUAGE_STANDARD = gnu11;
				GCC_NO_COMMON_BLOCKS = YES;
				GCC_WARN_64_TO_32_BIT_CONVERSION = YES;
				GCC_WARN_ABOUT_RETURN_TYPE = YES_ERROR;
				GCC_WARN_UNDECLARED_SELECTOR = YES;
				GCC_WARN_UNINITIALIZED_AUTOS = YES_AGGRESSIVE;
				GCC_WARN_UNUSED_FUNCTION = YES;
				GCC_WARN_UNUSED_VARIABLE = YES;
				IPHONEOS_DEPLOYMENT_TARGET = 16.0;
				MTL_ENABLE_DEBUG_INFO = NO;
				MTL_FAST_MATH = YES;
				SDKROOT = iphoneos;
				SWIFT_COMPILATION_MODE = wholemodule;
				SWIFT_OPTIMIZATION_LEVEL = "-O";
				VALIDATE_PRODUCT = YES;
			};
			name = Release;
		};
		4B1E44EC2A122EF1006317BD /* Debug */ = {
			isa = XCBuildConfiguration;
			buildSettings = {
				ASSETCATALOG_COMPILER_APPICON_NAME = AppIcon;
				ASSETCATALOG_COMPILER_GLOBAL_ACCENT_COLOR_NAME = AccentColor;
				CODE_SIGN_STYLE = Automatic;
				CURRENT_PROJECT_VERSION = 1;
				DEVELOPMENT_ASSET_PATHS = "\"NghiaSwiftUI/Preview Content\"";
				DEVELOPMENT_TEAM = C94GNXZYMM;
				ENABLE_PREVIEWS = YES;
				GENERATE_INFOPLIST_FILE = YES;
				INFOPLIST_KEY_UIApplicationSceneManifest_Generation = YES;
				INFOPLIST_KEY_UIApplicationSupportsIndirectInputEvents = YES;
				INFOPLIST_KEY_UILaunchScreen_Generation = YES;
				INFOPLIST_KEY_UISupportedInterfaceOrientations_iPad = "UIInterfaceOrientationPortrait UIInterfaceOrientationPortraitUpsideDown UIInterfaceOrientationLandscapeLeft UIInterfaceOrientationLandscapeRight";
				INFOPLIST_KEY_UISupportedInterfaceOrientations_iPhone = "UIInterfaceOrientationPortrait UIInterfaceOrientationLandscapeLeft UIInterfaceOrientationLandscapeRight";
				LD_RUNPATH_SEARCH_PATHS = (
					"$(inherited)",
					"@executable_path/Frameworks",
				);
				MARKETING_VERSION = 1.0;
				PRODUCT_BUNDLE_IDENTIFIER = nghia.SwiftUI;
				PRODUCT_NAME = "$(TARGET_NAME)";
				SWIFT_EMIT_LOC_STRINGS = YES;
				SWIFT_VERSION = 5.0;
				TARGETED_DEVICE_FAMILY = "1,2";
			};
			name = Debug;
		};
		4B1E44ED2A122EF1006317BD /* Release */ = {
			isa = XCBuildConfiguration;
			buildSettings = {
				ASSETCATALOG_COMPILER_APPICON_NAME = AppIcon;
				ASSETCATALOG_COMPILER_GLOBAL_ACCENT_COLOR_NAME = AccentColor;
				CODE_SIGN_STYLE = Automatic;
				CURRENT_PROJECT_VERSION = 1;
				DEVELOPMENT_ASSET_PATHS = "\"NghiaSwiftUI/Preview Content\"";
				DEVELOPMENT_TEAM = C94GNXZYMM;
				ENABLE_PREVIEWS = YES;
				GENERATE_INFOPLIST_FILE = YES;
				INFOPLIST_KEY_UIApplicationSceneManifest_Generation = YES;
				INFOPLIST_KEY_UIApplicationSupportsIndirectInputEvents = YES;
				INFOPLIST_KEY_UILaunchScreen_Generation = YES;
				INFOPLIST_KEY_UISupportedInterfaceOrientations_iPad = "UIInterfaceOrientationPortrait UIInterfaceOrientationPortraitUpsideDown UIInterfaceOrientationLandscapeLeft UIInterfaceOrientationLandscapeRight";
				INFOPLIST_KEY_UISupportedInterfaceOrientations_iPhone = "UIInterfaceOrientationPortrait UIInterfaceOrientationLandscapeLeft UIInterfaceOrientationLandscapeRight";
				LD_RUNPATH_SEARCH_PATHS = (
					"$(inherited)",
					"@executable_path/Frameworks",
				);
				MARKETING_VERSION = 1.0;
				PRODUCT_BUNDLE_IDENTIFIER = nghia.SwiftUI;
				PRODUCT_NAME = "$(TARGET_NAME)";
				SWIFT_EMIT_LOC_STRINGS = YES;
				SWIFT_VERSION = 5.0;
				TARGETED_DEVICE_FAMILY = "1,2";
			};
			name = Release;
		};
/* End XCBuildConfiguration section */

/* Begin XCConfigurationList section */
		4B1E44D82A122EF0006317BD /* Build configuration list for PBXProject "NghiaSwiftUI" */ = {
			isa = XCConfigurationList;
			buildConfigurations = (
				4B1E44E92A122EF1006317BD /* Debug */,
				4B1E44EA2A122EF1006317BD /* Release */,
			);
			defaultConfigurationIsVisible = 0;
			defaultConfigurationName = Release;
		};
		4B1E44EB2A122EF1006317BD /* Build configuration list for PBXNativeTarget "NghiaSwiftUI" */ = {
			isa = XCConfigurationList;
			buildConfigurations = (
				4B1E44EC2A122EF1006317BD /* Debug */,
				4B1E44ED2A122EF1006317BD /* Release */,
			);
			defaultConfigurationIsVisible = 0;
			defaultConfigurationName = Release;
		};
/* End XCConfigurationList section */
	};
	rootObject = 4B1E44D52A122EF0006317BD /* Project object */;
}
